
Microsoft Visual Studio Solution File, Format Version 11.00
# Visual Studio 2010
Project("{FAE04EC0-301F-11D3-BF4B-00C04F79EFBC}") = "Assembly-CSharp", "Assembly-CSharp.csproj", "{8F14AAA2-13D7-670B-5995-F5F5777B7DB6}"
EndProject
Project("{FAE04EC0-301F-11D3-BF4B-00C04F79EFBC}") = "Assembly-CSharp-Editor", "Assembly-CSharp-Editor.csproj", "{183BF8B7-B00C-1954-525D-39A7D6AE7265}"
EndProject
Global
	GlobalSection(SolutionConfigurationPlatforms) = preSolution
		Debug|Any CPU = Debug|Any CPU
		Release|Any CPU = Release|Any CPU
	EndGlobalSection
	GlobalSection(ProjectConfigurationPlatforms) = postSolution
		{8F14AAA2-13D7-670B-5995-F5F5777B7DB6}.Debug|Any CPU.ActiveCfg = Debug|Any CPU
		{8F14AAA2-13D7-670B-5995-F5F5777B7DB6}.Debug|Any CPU.Build.0 = Debug|Any CPU
		{8F14AAA2-13D7-670B-5995-F5F5777B7DB6}.Release|Any CPU.ActiveCfg = Release|Any CPU
		{8F14AAA2-13D7-670B-5995-F5F5777B7DB6}.Release|Any CPU.Build.0 = Release|Any CPU
		{183BF8B7-B00C-1954-525D-39A7D6AE7265}.Debug|Any CPU.ActiveCfg = Debug|Any CPU
		{183BF8B7-B00C-1954-525D-39A7D6AE7265}.Debug|Any CPU.Build.0 = Debug|Any CPU
		{183BF8B7-B00C-1954-525D-39A7D6AE7265}.Release|Any CPU.ActiveCfg = Release|Any CPU
		{183BF8B7-B00C-1954-525D-39A7D6AE7265}.Release|Any CPU.Build.0 = Release|Any CPU
	EndGlobalSection
	GlobalSection(SolutionProperties) = preSolution
		HideSolutionNode = FALSE
	EndGlobalSection
	GlobalSection(MonoDevelopProperties) = preSolution
		StartupItem = Assembly-CSharp.csproj
	EndGlobalSection
EndGlobal
